
Microsoft Visual Studio Solution File, Format Version 12.00
# Visual Studio Version 17
VisualStudioVersion = 17.0.31903.59
MinimumVisualStudioVersion = 10.0.40219.1
Project("{2150E333-8FDC-42A3-9474-1A3956D46DE8}") = "src", "src", "{2565E01A-0189-44D1-B8EF-24490DB68608}"
EndProject
Project("{9A19103F-16F7-4668-BE54-9A1E7A4F7556}") = "TeamUp.Api", "src\TeamUp.Api\TeamUp.Api.csproj", "{F2C98137-BF50-4057-AF00-4066EC92E3E1}"
EndProject
Project("{9A19103F-16F7-4668-BE54-9A1E7A4F7556}") = "TeamUp.Application", "src\TeamUp.Application\TeamUp.Application.csproj", "{088538A8-5F06-43D3-A3F0-0EE80480136F}"
EndProject
Project("{9A19103F-16F7-4668-BE54-9A1E7A4F7556}") = "TeamUp.Domain", "src\TeamUp.Domain\TeamUp.Domain.csproj", "{B450F5AA-0D07-4A15-93C9-772107912EE8}"
EndProject
Project("{9A19103F-16F7-4668-BE54-9A1E7A4F7556}") = "TeamUp.Infrastructure", "src\TeamUp.Infrastructure\TeamUp.Infrastructure.csproj", "{E7527EA8-CE3D-4DEA-A888-8914B010CEC3}"
EndProject
Project("{9A19103F-16F7-4668-BE54-9A1E7A4F7556}") = "TeamUp.Common", "src\TeamUp.Common\TeamUp.Common.csproj", "{14F9228A-78AF-406F-A8D9-A9B968F743D3}"
EndProject
Project("{9A19103F-16F7-4668-BE54-9A1E7A4F7556}") = "TeamUp.Contracts", "src\TeamUp.Contracts\TeamUp.Contracts.csproj", "{34E8F682-1BBF-44E8-979C-23A523FEA846}"
EndProject
Project("{2150E333-8FDC-42A3-9474-1A3956D46DE8}") = "Solution Items", "Solution Items", "{BC1CF8F7-48DE-4123-9124-10F53943EBE8}"
	ProjectSection(SolutionItems) = preProject
		.editorconfig = .editorconfig
		Directory.Build.props = Directory.Build.props
		Directory.Packages.props = Directory.Packages.props
	EndProjectSection
EndProject
Project("{2150E333-8FDC-42A3-9474-1A3956D46DE8}") = "tests", "tests", "{B78B958B-7250-4FEC-96F4-4FE0DE49D916}"
EndProject
Project("{9A19103F-16F7-4668-BE54-9A1E7A4F7556}") = "TeamUp.Tests.Architecture", "tests\TeamUp.Tests.Architecture\TeamUp.Tests.Architecture.csproj", "{BFC0159D-37D8-494F-90A6-DA3EA05CFDEF}"
EndProject
Project("{9A19103F-16F7-4668-BE54-9A1E7A4F7556}") = "TeamUp.Tests.EndToEnd", "tests\TeamUp.Tests.EndToEnd\TeamUp.Tests.EndToEnd.csproj", "{63C1F34E-C706-43AC-A98B-E9530F875FFA}"
EndProject
Project("{9A19103F-16F7-4668-BE54-9A1E7A4F7556}") = "TeamUp.Tests.Performance", "tests\TeamUp.Tests.Performance\TeamUp.Tests.Performance.csproj", "{B80B3E02-0B98-4ABA-92A9-74AEEEF76423}"
EndProject
Project("{9A19103F-16F7-4668-BE54-9A1E7A4F7556}") = "TeamUp.Tests.Common", "tests\TeamUp.Tests.Common\TeamUp.Tests.Common.csproj", "{A3D136DD-571F-4B1C-83E2-9B538F85C575}"
EndProject
Project("{2150E333-8FDC-42A3-9474-1A3956D46DE8}") = "Scripts", "Scripts", "{F77B386C-FDBC-4BB4-AF07-0CF054DBDB7E}"
	ProjectSection(SolutionItems) = preProject
		scripts\rundb.ps1 = scripts\rundb.ps1
	EndProjectSection
EndProject
Global
	GlobalSection(SolutionConfigurationPlatforms) = preSolution
		Debug|Any CPU = Debug|Any CPU
		Release|Any CPU = Release|Any CPU
	EndGlobalSection
	GlobalSection(ProjectConfigurationPlatforms) = postSolution
		{F2C98137-BF50-4057-AF00-4066EC92E3E1}.Debug|Any CPU.ActiveCfg = Debug|Any CPU
		{F2C98137-BF50-4057-AF00-4066EC92E3E1}.Debug|Any CPU.Build.0 = Debug|Any CPU
		{F2C98137-BF50-4057-AF00-4066EC92E3E1}.Release|Any CPU.ActiveCfg = Release|Any CPU
		{F2C98137-BF50-4057-AF00-4066EC92E3E1}.Release|Any CPU.Build.0 = Release|Any CPU
		{088538A8-5F06-43D3-A3F0-0EE80480136F}.Debug|Any CPU.ActiveCfg = Debug|Any CPU
		{088538A8-5F06-43D3-A3F0-0EE80480136F}.Debug|Any CPU.Build.0 = Debug|Any CPU
		{088538A8-5F06-43D3-A3F0-0EE80480136F}.Release|Any CPU.ActiveCfg = Release|Any CPU
		{088538A8-5F06-43D3-A3F0-0EE80480136F}.Release|Any CPU.Build.0 = Release|Any CPU
		{B450F5AA-0D07-4A15-93C9-772107912EE8}.Debug|Any CPU.ActiveCfg = Debug|Any CPU
		{B450F5AA-0D07-4A15-93C9-772107912EE8}.Debug|Any CPU.Build.0 = Debug|Any CPU
		{B450F5AA-0D07-4A15-93C9-772107912EE8}.Release|Any CPU.ActiveCfg = Release|Any CPU
		{B450F5AA-0D07-4A15-93C9-772107912EE8}.Release|Any CPU.Build.0 = Release|Any CPU
		{E7527EA8-CE3D-4DEA-A888-8914B010CEC3}.Debug|Any CPU.ActiveCfg = Debug|Any CPU
		{E7527EA8-CE3D-4DEA-A888-8914B010CEC3}.Debug|Any CPU.Build.0 = Debug|Any CPU
		{E7527EA8-CE3D-4DEA-A888-8914B010CEC3}.Release|Any CPU.ActiveCfg = Release|Any CPU
		{E7527EA8-CE3D-4DEA-A888-8914B010CEC3}.Release|Any CPU.Build.0 = Release|Any CPU
		{14F9228A-78AF-406F-A8D9-A9B968F743D3}.Debug|Any CPU.ActiveCfg = Debug|Any CPU
		{14F9228A-78AF-406F-A8D9-A9B968F743D3}.Debug|Any CPU.Build.0 = Debug|Any CPU
		{14F9228A-78AF-406F-A8D9-A9B968F743D3}.Release|Any CPU.ActiveCfg = Release|Any CPU
		{14F9228A-78AF-406F-A8D9-A9B968F743D3}.Release|Any CPU.Build.0 = Release|Any CPU
		{34E8F682-1BBF-44E8-979C-23A523FEA846}.Debug|Any CPU.ActiveCfg = Debug|Any CPU
		{34E8F682-1BBF-44E8-979C-23A523FEA846}.Debug|Any CPU.Build.0 = Debug|Any CPU
		{34E8F682-1BBF-44E8-979C-23A523FEA846}.Release|Any CPU.ActiveCfg = Release|Any CPU
		{34E8F682-1BBF-44E8-979C-23A523FEA846}.Release|Any CPU.Build.0 = Release|Any CPU
		{BFC0159D-37D8-494F-90A6-DA3EA05CFDEF}.Debug|Any CPU.ActiveCfg = Debug|Any CPU
		{BFC0159D-37D8-494F-90A6-DA3EA05CFDEF}.Debug|Any CPU.Build.0 = Debug|Any CPU
		{BFC0159D-37D8-494F-90A6-DA3EA05CFDEF}.Release|Any CPU.ActiveCfg = Release|Any CPU
		{BFC0159D-37D8-494F-90A6-DA3EA05CFDEF}.Release|Any CPU.Build.0 = Release|Any CPU
		{63C1F34E-C706-43AC-A98B-E9530F875FFA}.Debug|Any CPU.ActiveCfg = Debug|Any CPU
		{63C1F34E-C706-43AC-A98B-E9530F875FFA}.Debug|Any CPU.Build.0 = Debug|Any CPU
		{63C1F34E-C706-43AC-A98B-E9530F875FFA}.Release|Any CPU.ActiveCfg = Release|Any CPU
		{63C1F34E-C706-43AC-A98B-E9530F875FFA}.Release|Any CPU.Build.0 = Release|Any CPU
		{B80B3E02-0B98-4ABA-92A9-74AEEEF76423}.Debug|Any CPU.ActiveCfg = Debug|Any CPU
		{B80B3E02-0B98-4ABA-92A9-74AEEEF76423}.Debug|Any CPU.Build.0 = Debug|Any CPU
		{B80B3E02-0B98-4ABA-92A9-74AEEEF76423}.Release|Any CPU.ActiveCfg = Release|Any CPU
		{B80B3E02-0B98-4ABA-92A9-74AEEEF76423}.Release|Any CPU.Build.0 = Release|Any CPU
		{A3D136DD-571F-4B1C-83E2-9B538F85C575}.Debug|Any CPU.ActiveCfg = Debug|Any CPU
		{A3D136DD-571F-4B1C-83E2-9B538F85C575}.Debug|Any CPU.Build.0 = Debug|Any CPU
		{A3D136DD-571F-4B1C-83E2-9B538F85C575}.Release|Any CPU.ActiveCfg = Release|Any CPU
		{A3D136DD-571F-4B1C-83E2-9B538F85C575}.Release|Any CPU.Build.0 = Release|Any CPU
	EndGlobalSection
	GlobalSection(SolutionProperties) = preSolution
		HideSolutionNode = FALSE
	EndGlobalSection
	GlobalSection(NestedProjects) = preSolution
		{F2C98137-BF50-4057-AF00-4066EC92E3E1} = {2565E01A-0189-44D1-B8EF-24490DB68608}
		{088538A8-5F06-43D3-A3F0-0EE80480136F} = {2565E01A-0189-44D1-B8EF-24490DB68608}
		{B450F5AA-0D07-4A15-93C9-772107912EE8} = {2565E01A-0189-44D1-B8EF-24490DB68608}
		{E7527EA8-CE3D-4DEA-A888-8914B010CEC3} = {2565E01A-0189-44D1-B8EF-24490DB68608}
		{14F9228A-78AF-406F-A8D9-A9B968F743D3} = {2565E01A-0189-44D1-B8EF-24490DB68608}
		{34E8F682-1BBF-44E8-979C-23A523FEA846} = {2565E01A-0189-44D1-B8EF-24490DB68608}
		{BFC0159D-37D8-494F-90A6-DA3EA05CFDEF} = {B78B958B-7250-4FEC-96F4-4FE0DE49D916}
		{63C1F34E-C706-43AC-A98B-E9530F875FFA} = {B78B958B-7250-4FEC-96F4-4FE0DE49D916}
		{B80B3E02-0B98-4ABA-92A9-74AEEEF76423} = {B78B958B-7250-4FEC-96F4-4FE0DE49D916}
		{A3D136DD-571F-4B1C-83E2-9B538F85C575} = {B78B958B-7250-4FEC-96F4-4FE0DE49D916}
	EndGlobalSection
	GlobalSection(ExtensibilityGlobals) = postSolution
		SolutionGuid = {2E9D991D-377D-45D8-9599-801391683CEA}
	EndGlobalSection
EndGlobal
